
Microsoft Visual Studio Solution File, Format Version 12.00
# Visual Studio Version 16
VisualStudioVersion = 16.0.32126.315
MinimumVisualStudioVersion = 10.0.40219.1
Project("{9A19103F-16F7-4668-BE54-9A1E7A4F7556}") = "MACROSCOP-server", "MACROSCOP-server.csproj", "{ECFA21C2-314F-4C75-A07D-4111ACB84F19}"
EndProject
Global
	GlobalSection(SolutionConfigurationPlatforms) = preSolution
		Debug|Any CPU = Debug|Any CPU
		Release|Any CPU = Release|Any CPU
	EndGlobalSection
	GlobalSection(ProjectConfigurationPlatforms) = postSolution
		{ECFA21C2-314F-4C75-A07D-4111ACB84F19}.Debug|Any CPU.ActiveCfg = Debug|Any CPU
		{ECFA21C2-314F-4C75-A07D-4111ACB84F19}.Debug|Any CPU.Build.0 = Debug|Any CPU
		{ECFA21C2-314F-4C75-A07D-4111ACB84F19}.Release|Any CPU.ActiveCfg = Release|Any CPU
		{ECFA21C2-314F-4C75-A07D-4111ACB84F19}.Release|Any CPU.Build.0 = Release|Any CPU
	EndGlobalSection
	GlobalSection(SolutionProperties) = preSolution
		HideSolutionNode = FALSE
	EndGlobalSection
	GlobalSection(ExtensibilityGlobals) = postSolution
		SolutionGuid = {14C593BF-8FBA-451E-B26A-5D17ABDBC771}
	EndGlobalSection
EndGlobal
